// !$*UTF8*$!
{
	archiveVersion = 1;
	classes = {
	};
	objectVersion = 77;
	objects = {

/* Begin PBXBuildFile section */
		A20000000000000000000002 /* AVFAudio.framework in Frameworks */ = {isa = PBXBuildFile; fileRef = A20000000000000000000001 /* AVFAudio.framework */; };
		A20000000000000000000005 /* CoreMotion.framework in Frameworks */ = {isa = PBXBuildFile; fileRef = A20000000000000000000004 /* CoreMotion.framework */; };
/* End PBXBuildFile section */

/* Begin PBXFileReference section */
		684CD65C242BCF60004090E5 /* Gearboy.app */ = {isa = PBXFileReference; explicitFileType = wrapper.application; includeInIndex = 0; path = Gearboy.app; sourceTree = BUILT_PRODUCTS_DIR; };
		A10000000000000000000003 /* Info.plist */ = {isa = PBXFileReference; lastKnownFileType = text.plist.xml; path = Info.plist; sourceTree = "<group>"; };
		A10000000000000000000004 /* Gearboy.entitlements */ = {isa = PBXFileReference; lastKnownFileType = text.plist.entitlements; path = Gearboy.entitlements; sourceTree = "<group>"; };
		A10000000000000000000006 /* LICENSE.txt */ = {isa = PBXFileReference; lastKnownFileType = text; path = LICENSE.txt; sourceTree = "<group>"; };
		A20000000000000000000001 /* AVFAudio.framework */ = {isa = PBXFileReference; lastKnownFileType = wrapper.framework; name = AVFAudio.framework; path = System/Library/Frameworks/AVFAudio.framework; sourceTree = SDKROOT; };
		A20000000000000000000004 /* CoreMotion.framework */ = {isa = PBXFileReference; lastKnownFileType = wrapper.framework; name = CoreMotion.framework; path = System/Library/Frameworks/CoreMotion.framework; sourceTree = SDKROOT; };
		A30000000000000000000001 /* ThumbnailKeys.xcconfig */ = {isa = PBXFileReference; lastKnownFileType = text.xcconfig; path = ThumbnailKeys.xcconfig; sourceTree = "<group>"; };
/* End PBXFileReference section */

/* Begin PBXFileSystemSynchronizedRootGroup section */
		A10000000000000000000001 /* Gearboy */ = {
			isa = PBXFileSystemSynchronizedRootGroup;
			path = Gearboy;
			sourceTree = "<group>";
		};
		A10000000000000000000002 /* Core */ = {
			isa = PBXFileSystemSynchronizedRootGroup;
			name = Core;
			path = ../../src;
			sourceTree = "<group>";
		};
		A10000000000000000000008 /* Miniz */ = {
			isa = PBXFileSystemSynchronizedRootGroup;
			name = Miniz;
			path = ../shared/dependencies/miniz;
			sourceTree = "<group>";
		};
/* End PBXFileSystemSynchronizedRootGroup section */

/* Begin PBXFrameworksBuildPhase section */
		684CD659242BCF60004090E5 /* Frameworks */ = {
			isa = PBXFrameworksBuildPhase;
			buildActionMask = 2147483647;
			files = (
				A20000000000000000000002 /* AVFAudio.framework in Frameworks */,
				A20000000000000000000005 /* CoreMotion.framework in Frameworks */,
			);
			runOnlyForDeploymentPostprocessing = 0;
		};
/* End PBXFrameworksBuildPhase section */

/* Begin PBXGroup section */
		684CD653242BCF60004090E5 = {
			isa = PBXGroup;
			children = (
				A10000000000000000000001 /* Gearboy */,
				A10000000000000000000002 /* Core */,
				A10000000000000000000008 /* Miniz */,
				A10000000000000000000005 /* Support */,
				A10000000000000000000007 /* LICENSE */,
				A20000000000000000000003 /* Frameworks */,
				684CD65D242BCF60004090E5 /* Products */,
			);
			sourceTree = "<group>";
		};
		684CD65D242BCF60004090E5 /* Products */ = {
			isa = PBXGroup;
			children = (
				684CD65C242BCF60004090E5 /* Gearboy.app */,
			);
			name = Products;
			sourceTree = "<group>";
		};
		A10000000000000000000005 /* Support */ = {
			isa = PBXGroup;
			children = (
				A10000000000000000000003 /* Info.plist */,
				A10000000000000000000004 /* Gearboy.entitlements */,
				A30000000000000000000001 /* ThumbnailKeys.xcconfig */,
			);
			path = Support;
			sourceTree = "<group>";
		};
		A10000000000000000000007 /* LICENSE */ = {
			isa = PBXGroup;
			children = (
				A10000000000000000000006 /* LICENSE.txt */,
			);
			path = LICENSE;
			sourceTree = "<group>";
		};
		A20000000000000000000003 /* Frameworks */ = {
			isa = PBXGroup;
			children = (
				A20000000000000000000001 /* AVFAudio.framework */,
				A20000000000000000000004 /* CoreMotion.framework */,
			);
			name = Frameworks;
			sourceTree = "<group>";
		};
/* End PBXGroup section */

/* Begin PBXNativeTarget section */
		684CD65B242BCF60004090E5 /* Gearboy */ = {
			isa = PBXNativeTarget;
			buildConfigurationList = 684CD670242BCF61004090E5 /* Build configuration list for PBXNativeTarget "Gearboy" */;
			buildPhases = (
				684CD658242BCF60004090E5 /* Sources */,
				684CD659242BCF60004090E5 /* Frameworks */,
				684CD65A242BCF60004090E5 /* Resources */,
			);
			buildRules = (
			);
			dependencies = (
			);
			fileSystemSynchronizedGroups = (
				A10000000000000000000001 /* Gearboy */,
				A10000000000000000000002 /* Core */,
				A10000000000000000000008 /* Miniz */,
			);
			name = Gearboy;
			packageProductDependencies = (
			);
			productName = Gearboy;
			productReference = 684CD65C242BCF60004090E5 /* Gearboy.app */;
			productType = "com.apple.product-type.application";
		};
/* End PBXNativeTarget section */

/* Begin PBXProject section */
		684CD654242BCF60004090E5 /* Project object */ = {
			isa = PBXProject;
			attributes = {
				BuildIndependentTargetsInParallel = 1;
				LastSwiftUpdateCheck = 2600;
				LastUpgradeCheck = 2660;
				ORGANIZATIONNAME = Gearboy;
				TargetAttributes = {
					684CD65B242BCF60004090E5 = {
						CreatedOnToolsVersion = 26.0;
					};
				};
			};
			buildConfigurationList = 684CD657242BCF60004090E5 /* Build configuration list for PBXProject "Gearboy" */;
			developmentRegion = en;
			hasScannedForEncodings = 0;
			knownRegions = (
				en,
				Base,
				de,
				es,
				fr,
				ja,
				"zh-Hans",
			);
			mainGroup = 684CD653242BCF60004090E5;
			minimizedProjectReferenceProxies = 1;
			preferredProjectObjectVersion = 77;
			productRefGroup = 684CD65D242BCF60004090E5 /* Products */;
			projectDirPath = "";
			projectRoot = "";
			targets = (
				684CD65B242BCF60004090E5 /* Gearboy */,
			);
		};
/* End PBXProject section */

/* Begin PBXResourcesBuildPhase section */
		684CD65A242BCF60004090E5 /* Resources */ = {
			isa = PBXResourcesBuildPhase;
			buildActionMask = 2147483647;
			files = (
			);
			runOnlyForDeploymentPostprocessing = 0;
		};
/* End PBXResourcesBuildPhase section */

/* Begin PBXSourcesBuildPhase section */
		684CD658242BCF60004090E5 /* Sources */ = {
			isa = PBXSourcesBuildPhase;
			buildActionMask = 2147483647;
			files = (
			);
			runOnlyForDeploymentPostprocessing = 0;
		};
/* End PBXSourcesBuildPhase section */

/* Begin XCBuildConfiguration section */
		684CD66E242BCF61004090E5 /* Debug */ = {
			isa = XCBuildConfiguration;
			buildSettings = {
				ALWAYS_SEARCH_USER_PATHS = NO;
				ASSETCATALOG_COMPILER_GENERATE_SWIFT_ASSET_SYMBOL_EXTENSIONS = NO;
				CLANG_ANALYZER_LOCALIZABILITY_NONLOCALIZED = YES;
				CLANG_ANALYZER_NONNULL = YES;
				CLANG_ANALYZER_NUMBER_OBJECT_CONVERSION = YES_AGGRESSIVE;
				CLANG_CXX_LANGUAGE_STANDARD = "c++11";
				CLANG_CXX_LIBRARY = "libc++";
				CLANG_ENABLE_MODULES = YES;
				CLANG_ENABLE_OBJC_ARC = YES;
				CLANG_ENABLE_OBJC_WEAK = YES;
				CLANG_WARN_BLOCK_CAPTURE_AUTORELEASING = YES;
				CLANG_WARN_BOOL_CONVERSION = YES;
				CLANG_WARN_COMMA = YES;
				CLANG_WARN_CONSTANT_CONVERSION = YES;
				CLANG_WARN_DEPRECATED_OBJC_IMPLEMENTATIONS = YES;
				CLANG_WARN_DIRECT_OBJC_ISA_USAGE = YES_ERROR;
				CLANG_WARN_DOCUMENTATION_COMMENTS = YES;
				CLANG_WARN_EMPTY_BODY = YES;
				CLANG_WARN_ENUM_CONVERSION = YES;
				CLANG_WARN_INFINITE_RECURSION = YES;
				CLANG_WARN_INT_CONVERSION = YES;
				CLANG_WARN_NON_LITERAL_NULL_CONVERSION = YES;
				CLANG_WARN_OBJC_IMPLICIT_RETAIN_SELF = YES;
				CLANG_WARN_OBJC_LITERAL_CONVERSION = YES;
				CLANG_WARN_OBJC_ROOT_CLASS = YES_ERROR;
				CLANG_WARN_QUOTED_INCLUDE_IN_FRAMEWORK_HEADER = YES;
				CLANG_WARN_RANGE_LOOP_ANALYSIS = YES;
				CLANG_WARN_STRICT_PROTOTYPES = YES;
				CLANG_WARN_SUSPICIOUS_MOVE = YES;
				CLANG_WARN_UNGUARDED_AVAILABILITY = YES_AGGRESSIVE;
				CLANG_WARN_UNREACHABLE_CODE = YES;
				CLANG_WARN__DUPLICATE_METHOD_MATCH = YES;
				COPY_PHASE_STRIP = NO;
				DEBUG_INFORMATION_FORMAT = dwarf;
				DEVELOPMENT_TEAM = V3F66RFMSJ;
				ENABLE_STRICT_OBJC_MSGSEND = YES;
				ENABLE_TESTABILITY = YES;
				ENABLE_USER_SCRIPT_SANDBOXING = YES;
				GCC_C_LANGUAGE_STANDARD = c99;
				GCC_DYNAMIC_NO_PIC = NO;
				GCC_ENABLE_CPP_EXCEPTIONS = NO;
				GCC_ENABLE_CPP_RTTI = NO;
				GCC_NO_COMMON_BLOCKS = YES;
				GCC_OPTIMIZATION_LEVEL = 0;
				GCC_PREPROCESSOR_DEFINITIONS = (
					"DEBUG=1",
					"$(inherited)",
				);
				GCC_WARN_64_TO_32_BIT_CONVERSION = YES;
				GCC_WARN_ABOUT_RETURN_TYPE = YES_ERROR;
				GCC_WARN_UNDECLARED_SELECTOR = YES;
				GCC_WARN_UNINITIALIZED_AUTOS = YES_AGGRESSIVE;
				GCC_WARN_UNUSED_FUNCTION = YES;
				GCC_WARN_UNUSED_VARIABLE = YES;
				IPHONEOS_DEPLOYMENT_TARGET = 17.0;
				LOCALIZATION_PREFERS_STRING_CATALOGS = YES;
				ONLY_ACTIVE_ARCH = YES;
				SDKROOT = iphoneos;
				STRING_CATALOG_GENERATE_SYMBOLS = YES;
				SWIFT_ACTIVE_COMPILATION_CONDITIONS = "DEBUG $(inherited)";
				SWIFT_OPTIMIZATION_LEVEL = "-Onone";
			};
			name = Debug;
		};
		684CD66F242BCF61004090E5 /* Release */ = {
			isa = XCBuildConfiguration;
			buildSettings = {
				ALWAYS_SEARCH_USER_PATHS = NO;
				ASSETCATALOG_COMPILER_GENERATE_SWIFT_ASSET_SYMBOL_EXTENSIONS = NO;
				CLANG_ANALYZER_LOCALIZABILITY_NONLOCALIZED = YES;
				CLANG_ANALYZER_NONNULL = YES;
				CLANG_ANALYZER_NUMBER_OBJECT_CONVERSION = YES_AGGRESSIVE;
				CLANG_CXX_LANGUAGE_STANDARD = "c++11";
				CLANG_CXX_LIBRARY = "libc++";
				CLANG_ENABLE_MODULES = YES;
				CLANG_ENABLE_OBJC_ARC = YES;
				CLANG_ENABLE_OBJC_WEAK = YES;
				CLANG_WARN_BLOCK_CAPTURE_AUTORELEASING = YES;
				CLANG_WARN_BOOL_CONVERSION = YES;
				CLANG_WARN_COMMA = YES;
				CLANG_WARN_CONSTANT_CONVERSION = YES;
				CLANG_WARN_DEPRECATED_OBJC_IMPLEMENTATIONS = YES;
				CLANG_WARN_DIRECT_OBJC_ISA_USAGE = YES_ERROR;
				CLANG_WARN_DOCUMENTATION_COMMENTS = YES;
				CLANG_WARN_EMPTY_BODY = YES;
				CLANG_WARN_ENUM_CONVERSION = YES;
				CLANG_WARN_INFINITE_RECURSION = YES;
				CLANG_WARN_INT_CONVERSION = YES;
				CLANG_WARN_NON_LITERAL_NULL_CONVERSION = YES;
				CLANG_WARN_OBJC_IMPLICIT_RETAIN_SELF = YES;
				CLANG_WARN_OBJC_LITERAL_CONVERSION = YES;
				CLANG_WARN_OBJC_ROOT_CLASS = YES_ERROR;
				CLANG_WARN_QUOTED_INCLUDE_IN_FRAMEWORK_HEADER = YES;
				CLANG_WARN_RANGE_LOOP_ANALYSIS = YES;
				CLANG_WARN_STRICT_PROTOTYPES = YES;
				CLANG_WARN_SUSPICIOUS_MOVE = YES;
				CLANG_WARN_UNGUARDED_AVAILABILITY = YES_AGGRESSIVE;
				CLANG_WARN_UNREACHABLE_CODE = YES;
				CLANG_WARN__DUPLICATE_METHOD_MATCH = YES;
				COPY_PHASE_STRIP = NO;
				DEBUG_INFORMATION_FORMAT = "dwarf-with-dsym";
				DEVELOPMENT_TEAM = V3F66RFMSJ;
				ENABLE_NS_ASSERTIONS = NO;
				ENABLE_STRICT_OBJC_MSGSEND = YES;
				ENABLE_USER_SCRIPT_SANDBOXING = YES;
				GCC_C_LANGUAGE_STANDARD = c99;
				GCC_ENABLE_CPP_EXCEPTIONS = NO;
				GCC_ENABLE_CPP_RTTI = NO;
				GCC_NO_COMMON_BLOCKS = YES;
				GCC_WARN_64_TO_32_BIT_CONVERSION = YES;
				GCC_WARN_ABOUT_RETURN_TYPE = YES_ERROR;
				GCC_WARN_UNDECLARED_SELECTOR = YES;
				GCC_WARN_UNINITIALIZED_AUTOS = YES_AGGRESSIVE;
				GCC_WARN_UNUSED_FUNCTION = YES;
				GCC_WARN_UNUSED_VARIABLE = YES;
				IPHONEOS_DEPLOYMENT_TARGET = 17.0;
				LOCALIZATION_PREFERS_STRING_CATALOGS = YES;
				SDKROOT = iphoneos;
				STRING_CATALOG_GENERATE_SYMBOLS = YES;
				SWIFT_COMPILATION_MODE = wholemodule;
				VALIDATE_PRODUCT = YES;
			};
			name = Release;
		};
		684CD671242BCF61004090E5 /* Debug */ = {
			isa = XCBuildConfiguration;
			baseConfigurationReference = A30000000000000000000001 /* ThumbnailKeys.xcconfig */;
			buildSettings = {
				ASSETCATALOG_COMPILER_APPICON_NAME = AppIcon;
				CODE_SIGN_ENTITLEMENTS = Support/Gearboy.entitlements;
				CODE_SIGN_STYLE = Automatic;
				CURRENT_PROJECT_VERSION = 35;
				EXCLUDED_SOURCE_FILE_NAMES = (
					"*.a",
					"*.d",
					"*.o",
				);
				GCC_PREPROCESSOR_DEFINITIONS = (
					"$(inherited)",
					"GEARBOY_DISABLE_DISASSEMBLER=1",
					"EMULATOR_BUILD=\\\"3.8.14\\\"",
				);
				GENERATE_INFOPLIST_FILE = NO;
				HEADER_SEARCH_PATHS = (
					"$(SRCROOT)/../../src",
					"$(SRCROOT)/../../src/audio",
					"$(SRCROOT)/../shared/dependencies/miniz",
				);
				INFOPLIST_FILE = Support/Info.plist;
				INFOPLIST_KEY_LSApplicationCategoryType = "public.app-category.games";
				IPHONEOS_DEPLOYMENT_TARGET = 17.0;
				LD_RUNPATH_SEARCH_PATHS = (
					"$(inherited)",
					"@executable_path/Frameworks",
				);
				MARKETING_VERSION = 3.8.14;
				PRODUCT_BUNDLE_IDENTIFIER = me.ignaciosanchez;
				PRODUCT_NAME = "$(TARGET_NAME)";
				SUPPORTS_MACCATALYST = NO;
				SUPPORTS_MAC_DESIGNED_FOR_IPHONE_IPAD = NO;
				SUPPORTS_XR_DESIGNED_FOR_IPHONE_IPAD = NO;
				SWIFT_OBJC_BRIDGING_HEADER = "Gearboy/Gearboy-Bridging-Header.h";
				SWIFT_VERSION = 5.0;
				TARGETED_DEVICE_FAMILY = "1,2";
				WARNING_CFLAGS = (
					"$(inherited)",
					"-Wno-comma",
					"-Wno-enum-float-conversion",
					"-Wno-unused-function",
				);
			};
			name = Debug;
		};
		684CD672242BCF61004090E5 /* Release */ = {
			isa = XCBuildConfiguration;
			baseConfigurationReference = A30000000000000000000001 /* ThumbnailKeys.xcconfig */;
			buildSettings = {
				ASSETCATALOG_COMPILER_APPICON_NAME = AppIcon;
				CODE_SIGN_ENTITLEMENTS = Support/Gearboy.entitlements;
				CODE_SIGN_STYLE = Automatic;
				CURRENT_PROJECT_VERSION = 35;
				DEAD_CODE_STRIPPING = YES;
				EXCLUDED_SOURCE_FILE_NAMES = (
					"*.a",
					"*.d",
					"*.o",
				);
				GCC_PREPROCESSOR_DEFINITIONS = (
					"$(inherited)",
					"GEARBOY_DISABLE_DISASSEMBLER=1",
					"EMULATOR_BUILD=\\\"3.8.14\\\"",
				);
				GENERATE_INFOPLIST_FILE = NO;
				HEADER_SEARCH_PATHS = (
					"$(SRCROOT)/../../src",
					"$(SRCROOT)/../../src/audio",
					"$(SRCROOT)/../shared/dependencies/miniz",
				);
				INFOPLIST_FILE = Support/Info.plist;
				INFOPLIST_KEY_LSApplicationCategoryType = "public.app-category.games";
				IPHONEOS_DEPLOYMENT_TARGET = 17.0;
				LD_RUNPATH_SEARCH_PATHS = (
					"$(inherited)",
					"@executable_path/Frameworks",
				);
				MARKETING_VERSION = 3.8.14;
				PRODUCT_BUNDLE_IDENTIFIER = me.ignaciosanchez;
				PRODUCT_NAME = "$(TARGET_NAME)";
				SUPPORTS_MACCATALYST = NO;
				SUPPORTS_MAC_DESIGNED_FOR_IPHONE_IPAD = NO;
				SUPPORTS_XR_DESIGNED_FOR_IPHONE_IPAD = NO;
				SWIFT_OBJC_BRIDGING_HEADER = "Gearboy/Gearboy-Bridging-Header.h";
				SWIFT_VERSION = 5.0;
				TARGETED_DEVICE_FAMILY = "1,2";
				WARNING_CFLAGS = (
					"$(inherited)",
					"-Wno-comma",
					"-Wno-enum-float-conversion",
					"-Wno-unused-function",
				);
			};
			name = Release;
		};
/* End XCBuildConfiguration section */

/* Begin XCConfigurationList section */
		684CD657242BCF60004090E5 /* Build configuration list for PBXProject "Gearboy" */ = {
			isa = XCConfigurationList;
			buildConfigurations = (
				684CD66E242BCF61004090E5 /* Debug */,
				684CD66F242BCF61004090E5 /* Release */,
			);
			defaultConfigurationIsVisible = 0;
			defaultConfigurationName = Release;
		};
		684CD670242BCF61004090E5 /* Build configuration list for PBXNativeTarget "Gearboy" */ = {
			isa = XCConfigurationList;
			buildConfigurations = (
				684CD671242BCF61004090E5 /* Debug */,
				684CD672242BCF61004090E5 /* Release */,
			);
			defaultConfigurationIsVisible = 0;
			defaultConfigurationName = Release;
		};
/* End XCConfigurationList section */
	};
	rootObject = 684CD654242BCF60004090E5 /* Project object */;
}
