<?xml version="1.0" encoding="utf-8"?>
<Project ToolsVersion="4.0" xmlns="http://schemas.microsoft.com/developer/msbuild/2003">
  <ItemGroup>
    <Manifest Include="Gearboy.manifest" />
  </ItemGroup>
  <ItemGroup>
    <ClCompile Include="..\shared\desktop\application.cpp">
      <Filter>desktop</Filter>
    </ClCompile>
    <ClCompile Include="..\shared\desktop\config.cpp">
      <Filter>desktop</Filter>
    </ClCompile>
    <ClCompile Include="..\shared\desktop\emu.cpp">
      <Filter>desktop</Filter>
    </ClCompile>
    <ClCompile Include="..\shared\desktop\gui.cpp">
      <Filter>desktop</Filter>
    </ClCompile>
    <ClCompile Include="..\shared\desktop\gui_actions.cpp">
      <Filter>desktop</Filter>
    </ClCompile>
    <ClCompile Include="..\shared\desktop\gui_debug.cpp">
      <Filter>desktop</Filter>
    </ClCompile>
    <ClCompile Include="..\shared\desktop\gui_debug_disassembler.cpp">
      <Filter>desktop</Filter>
    </ClCompile>
    <ClCompile Include="..\shared\desktop\gui_debug_memeditor.cpp">
      <Filter>desktop</Filter>
    </ClCompile>
    <ClCompile Include="..\shared\desktop\gui_debug_memory.cpp">
      <Filter>desktop</Filter>
    </ClCompile>
    <ClCompile Include="..\shared\desktop\gui_debug_processor.cpp">
      <Filter>desktop</Filter>
    </ClCompile>
    <ClCompile Include="..\shared\desktop\gui_debug_video.cpp">
      <Filter>desktop</Filter>
    </ClCompile>
    <ClCompile Include="..\shared\desktop\gui_debug_io.cpp">
      <Filter>desktop</Filter>
    </ClCompile>
    <ClCompile Include="..\shared\desktop\gui_debug_psg.cpp">
      <Filter>desktop</Filter>
    </ClCompile>
    <ClCompile Include="..\shared\desktop\gui_debug_trace_logger.cpp">
      <Filter>desktop</Filter>
    </ClCompile>
    <ClCompile Include="..\shared\desktop\gui_popups.cpp">
      <Filter>desktop</Filter>
    </ClCompile>
    <ClCompile Include="..\shared\desktop\gui_menus.cpp">
      <Filter>desktop</Filter>
    </ClCompile>
    <ClCompile Include="..\shared\desktop\gui_filedialogs.cpp">
      <Filter>desktop</Filter>
    </ClCompile>
    <ClCompile Include="..\shared\desktop\main.cpp">
      <Filter>desktop</Filter>
    </ClCompile>
    <ClCompile Include="..\shared\desktop\ogl_renderer.cpp">
      <Filter>desktop</Filter>
    </ClCompile>
    <ClCompile Include="..\shared\desktop\display.cpp">
      <Filter>desktop</Filter>
    </ClCompile>
    <ClCompile Include="..\shared\desktop\events.cpp">
      <Filter>desktop</Filter>
    </ClCompile>
    <ClCompile Include="..\shared\desktop\gamepad.cpp">
      <Filter>desktop</Filter>
    </ClCompile>
    <ClCompile Include="..\shared\desktop\sound_queue.cpp">
      <Filter>desktop</Filter>
    </ClCompile>
    <ClCompile Include="..\shared\desktop\single_instance.cpp">
      <Filter>desktop</Filter>
    </ClCompile>
    <ClCompile Include="..\..\src\Audio.cpp">
      <Filter>src</Filter>
    </ClCompile>
    <ClCompile Include="..\..\src\audio\Blip_Buffer.cpp">
      <Filter>src</Filter>
    </ClCompile>
    <ClCompile Include="..\..\src\audio\Effects_Buffer.cpp">
      <Filter>src</Filter>
    </ClCompile>
    <ClCompile Include="..\..\src\audio\Gb_Apu.cpp">
      <Filter>src</Filter>
    </ClCompile>
    <ClCompile Include="..\..\src\audio\Gb_Apu_State.cpp">
      <Filter>src</Filter>
    </ClCompile>
    <ClCompile Include="..\..\src\audio\Gb_Oscs.cpp">
      <Filter>src</Filter>
    </ClCompile>
    <ClCompile Include="..\..\src\audio\Multi_Buffer.cpp">
      <Filter>src</Filter>
    </ClCompile>
    <ClCompile Include="..\..\src\Cartridge.cpp">
      <Filter>src</Filter>
    </ClCompile>
    <ClCompile Include="..\..\src\CommonMemoryRule.cpp">
      <Filter>src</Filter>
    </ClCompile>
    <ClCompile Include="..\..\src\GearboyCore.cpp">
      <Filter>src</Filter>
    </ClCompile>
    <ClCompile Include="..\..\src\Input.cpp">
      <Filter>src</Filter>
    </ClCompile>
    <ClCompile Include="..\..\src\IORegistersMemoryRule.cpp">
      <Filter>src</Filter>
    </ClCompile>
    <ClCompile Include="..\..\src\MBC1MemoryRule.cpp">
      <Filter>src</Filter>
    </ClCompile>
    <ClCompile Include="..\..\src\MBC2MemoryRule.cpp">
      <Filter>src</Filter>
    </ClCompile>
    <ClCompile Include="..\..\src\MBC3MemoryRule.cpp">
      <Filter>src</Filter>
    </ClCompile>
    <ClCompile Include="..\..\src\MBC5MemoryRule.cpp">
      <Filter>src</Filter>
    </ClCompile>
    <ClCompile Include="..\..\src\Memory.cpp">
      <Filter>src</Filter>
    </ClCompile>
    <ClCompile Include="..\..\src\MemoryRule.cpp">
      <Filter>src</Filter>
    </ClCompile>
    <ClCompile Include="..\..\src\MultiMBC1MemoryRule.cpp">
      <Filter>src</Filter>
    </ClCompile>
    <ClCompile Include="..\..\src\opcodes.cpp">
      <Filter>src</Filter>
    </ClCompile>
    <ClCompile Include="..\..\src\opcodes_cb.cpp">
      <Filter>src</Filter>
    </ClCompile>
    <ClCompile Include="..\..\src\Processor.cpp">
      <Filter>src</Filter>
    </ClCompile>
    <ClCompile Include="..\..\src\RomOnlyMemoryRule.cpp">
      <Filter>src</Filter>
    </ClCompile>
    <ClCompile Include="..\..\src\Video.cpp">
      <Filter>src</Filter>
    </ClCompile>
    <ClCompile Include="..\..\src\VgmRecorder.cpp">
      <Filter>src</Filter>
    </ClCompile>
    <ClCompile Include="..\shared\dependencies\miniz\miniz.c">
      <Filter>dependencies\miniz</Filter>
    </ClCompile>
    <ClCompile Include="..\shared\dependencies\imgui\imgui.cpp">
      <Filter>dependencies\imgui</Filter>
    </ClCompile>
    <ClCompile Include="..\shared\dependencies\imgui\imgui_demo.cpp">
      <Filter>dependencies\imgui</Filter>
    </ClCompile>
    <ClCompile Include="..\shared\dependencies\imgui\imgui_draw.cpp">
      <Filter>dependencies\imgui</Filter>
    </ClCompile>
    <ClCompile Include="..\shared\dependencies\imgui\imgui_impl_opengl3.cpp">
      <Filter>dependencies\imgui</Filter>
    </ClCompile>
    <ClCompile Include="..\shared\dependencies\imgui\imgui_impl_sdl3.cpp">
      <Filter>dependencies\imgui</Filter>
    </ClCompile>
    <ClCompile Include="..\shared\dependencies\imgui\imgui_tables.cpp">
      <Filter>dependencies\imgui</Filter>
    </ClCompile>
    <ClCompile Include="..\shared\dependencies\imgui\imgui_widgets.cpp">
      <Filter>dependencies\imgui</Filter>
    </ClCompile>
    <ClCompile Include="..\shared\dependencies\imgui\implot.cpp">
      <Filter>dependencies\imgui</Filter>
    </ClCompile>
    <ClCompile Include="..\shared\dependencies\imgui\implot_demo.cpp">
      <Filter>dependencies\imgui</Filter>
    </ClCompile>
    <ClCompile Include="..\shared\dependencies\imgui\implot_items.cpp">
      <Filter>dependencies\imgui</Filter>
    </ClCompile>
  </ItemGroup>
  <ItemGroup>
    <ClInclude Include="..\shared\desktop\application.h">
      <Filter>desktop</Filter>
    </ClInclude>
    <ClInclude Include="..\shared\desktop\backers.h">
      <Filter>desktop</Filter>
    </ClInclude>
    <ClInclude Include="..\shared\desktop\config.h">
      <Filter>desktop</Filter>
    </ClInclude>
    <ClInclude Include="..\shared\desktop\console_utils.h">
      <Filter>desktop</Filter>
    </ClInclude>
    <ClInclude Include="..\shared\desktop\emu.h">
      <Filter>desktop</Filter>
    </ClInclude>
    <ClInclude Include="..\shared\desktop\gui.h">
      <Filter>desktop</Filter>
    </ClInclude>
    <ClInclude Include="..\shared\desktop\gui_actions.h">
      <Filter>desktop</Filter>
    </ClInclude>
    <ClInclude Include="..\shared\desktop\gui_debug.h">
      <Filter>desktop</Filter>
    </ClInclude>
    <ClInclude Include="..\shared\desktop\gui_debug_constants.h">
      <Filter>desktop</Filter>
    </ClInclude>
    <ClInclude Include="..\shared\desktop\gui_debug_disassembler.h">
      <Filter>desktop</Filter>
    </ClInclude>
    <ClInclude Include="..\shared\desktop\gui_debug_memeditor.h">
      <Filter>desktop</Filter>
    </ClInclude>
    <ClInclude Include="..\shared\desktop\gui_debug_memory.h">
      <Filter>desktop</Filter>
    </ClInclude>
    <ClInclude Include="..\shared\desktop\gui_debug_processor.h">
      <Filter>desktop</Filter>
    </ClInclude>
    <ClInclude Include="..\shared\desktop\gui_debug_video.h">
      <Filter>desktop</Filter>
    </ClInclude>
    <ClInclude Include="..\shared\desktop\gui_debug_io.h">
      <Filter>desktop</Filter>
    </ClInclude>
    <ClInclude Include="..\shared\desktop\gui_debug_psg.h">
      <Filter>desktop</Filter>
    </ClInclude>
    <ClInclude Include="..\shared\desktop\gui_debug_text.h">
      <Filter>desktop</Filter>
    </ClInclude>
    <ClInclude Include="..\shared\desktop\gui_debug_trace_logger.h">
      <Filter>desktop</Filter>
    </ClInclude>
    <ClInclude Include="..\shared\desktop\gui_debug_widgets.h">
      <Filter>desktop</Filter>
    </ClInclude>
    <ClInclude Include="..\shared\desktop\gui_filedialogs.h">
      <Filter>desktop</Filter>
    </ClInclude>
    <ClInclude Include="..\shared\desktop\gui_menus.h">
      <Filter>desktop</Filter>
    </ClInclude>
    <ClInclude Include="..\shared\desktop\gui_popups.h">
      <Filter>desktop</Filter>
    </ClInclude>
    <ClInclude Include="..\shared\desktop\license.h">
      <Filter>desktop</Filter>
    </ClInclude>
    <ClInclude Include="..\shared\desktop\ogl_renderer.h">
      <Filter>desktop</Filter>
    </ClInclude>
    <ClInclude Include="..\shared\desktop\display.h">
      <Filter>desktop</Filter>
    </ClInclude>
    <ClInclude Include="..\shared\desktop\events.h">
      <Filter>desktop</Filter>
    </ClInclude>
    <ClInclude Include="..\shared\desktop\gamepad.h">
      <Filter>desktop</Filter>
    </ClInclude>
    <ClInclude Include="..\shared\desktop\utils.h">
      <Filter>desktop</Filter>
    </ClInclude>
    <ClInclude Include="..\shared\desktop\sound_queue.h">
      <Filter>desktop</Filter>
    </ClInclude>
    <ClInclude Include="..\shared\desktop\single_instance.h">
      <Filter>desktop</Filter>
    </ClInclude>
    <ClInclude Include="..\shared\desktop\keyboard.h">
      <Filter>desktop</Filter>
    </ClInclude>
    <ClInclude Include="..\..\src\Audio.h">
      <Filter>src</Filter>
    </ClInclude>
    <ClInclude Include="..\..\src\audio\blargg_common.h">
      <Filter>src</Filter>
    </ClInclude>
    <ClInclude Include="..\..\src\audio\blargg_config.h">
      <Filter>src</Filter>
    </ClInclude>
    <ClInclude Include="..\..\src\audio\blargg_source.h">
      <Filter>src</Filter>
    </ClInclude>
    <ClInclude Include="..\..\src\audio\Blip_Buffer.h">
      <Filter>src</Filter>
    </ClInclude>
    <ClInclude Include="..\..\src\audio\Blip_Synth.h">
      <Filter>src</Filter>
    </ClInclude>
    <ClInclude Include="..\..\src\audio\Effects_Buffer.h">
      <Filter>src</Filter>
    </ClInclude>
    <ClInclude Include="..\..\src\audio\Gb_Apu.h">
      <Filter>src</Filter>
    </ClInclude>
    <ClInclude Include="..\..\src\audio\Gb_Oscs.h">
      <Filter>src</Filter>
    </ClInclude>
    <ClInclude Include="..\..\src\audio\Multi_Buffer.h">
      <Filter>src</Filter>
    </ClInclude>
    <ClInclude Include="..\..\src\Cartridge.h">
      <Filter>src</Filter>
    </ClInclude>
    <ClInclude Include="..\..\src\common.h">
      <Filter>src</Filter>
    </ClInclude>
    <ClInclude Include="..\..\src\CommonMemoryRule.h">
      <Filter>src</Filter>
    </ClInclude>
    <ClInclude Include="..\..\src\definitions.h">
      <Filter>src</Filter>
    </ClInclude>
    <ClInclude Include="..\..\src\gearboy.h">
      <Filter>src</Filter>
    </ClInclude>
    <ClInclude Include="..\..\src\GearboyCore.h">
      <Filter>src</Filter>
    </ClInclude>
    <ClInclude Include="..\..\src\Input.h">
      <Filter>src</Filter>
    </ClInclude>
    <ClInclude Include="..\..\src\IORegistersMemoryRule.h">
      <Filter>src</Filter>
    </ClInclude>
    <ClInclude Include="..\..\src\log.h">
      <Filter>src</Filter>
    </ClInclude>
    <ClInclude Include="..\..\src\MBC1MemoryRule.h">
      <Filter>src</Filter>
    </ClInclude>
    <ClInclude Include="..\..\src\MBC2MemoryRule.h">
      <Filter>src</Filter>
    </ClInclude>
    <ClInclude Include="..\..\src\MBC3MemoryRule.h">
      <Filter>src</Filter>
    </ClInclude>
    <ClInclude Include="..\..\src\MBC5MemoryRule.h">
      <Filter>src</Filter>
    </ClInclude>
    <ClInclude Include="..\..\src\Memory.h">
      <Filter>src</Filter>
    </ClInclude>
    <ClInclude Include="..\..\src\Memory_inline.h">
      <Filter>src</Filter>
    </ClInclude>
    <ClInclude Include="..\..\src\MemoryRule.h">
      <Filter>src</Filter>
    </ClInclude>
    <ClInclude Include="..\..\src\MultiMBC1MemoryRule.h">
      <Filter>src</Filter>
    </ClInclude>
    <ClInclude Include="..\..\src\opcode_names.h">
      <Filter>src</Filter>
    </ClInclude>
    <ClInclude Include="..\..\src\opcode_timing.h">
      <Filter>src</Filter>
    </ClInclude>
    <ClInclude Include="..\..\src\Processor.h">
      <Filter>src</Filter>
    </ClInclude>
    <ClInclude Include="..\..\src\Processor_inline.h">
      <Filter>src</Filter>
    </ClInclude>
    <ClInclude Include="..\..\src\RomOnlyMemoryRule.h">
      <Filter>src</Filter>
    </ClInclude>
    <ClInclude Include="..\..\src\SixteenBitRegister.h">
      <Filter>src</Filter>
    </ClInclude>
    <ClInclude Include="..\..\src\Video.h">
      <Filter>src</Filter>
    </ClInclude>
    <ClInclude Include="..\..\src\VgmRecorder.h">
      <Filter>src</Filter>
    </ClInclude>
    <ClInclude Include="..\shared\dependencies\glad\glad.h">
      <Filter>dependencies\glad</Filter>
    </ClInclude>
    <ClInclude Include="..\shared\dependencies\miniz\miniz.h">
      <Filter>dependencies\miniz</Filter>
    </ClInclude>
    <ClInclude Include="..\shared\dependencies\imgui\fonts\IconsMaterialDesign.h">
      <Filter>dependencies\imgui\fonts</Filter>
    </ClInclude>
    <ClInclude Include="..\shared\dependencies\imgui\fonts\MaterialIcons.h">
      <Filter>dependencies\imgui\fonts</Filter>
    </ClInclude>
    <ClInclude Include="..\shared\dependencies\imgui\fonts\RobotoMedium.h">
      <Filter>dependencies\imgui\fonts</Filter>
    </ClInclude>
    <ClInclude Include="..\shared\dependencies\imgui\imconfig.h">
      <Filter>dependencies\imgui</Filter>
    </ClInclude>
    <ClInclude Include="..\shared\dependencies\imgui\imgui.h">
      <Filter>dependencies\imgui</Filter>
    </ClInclude>
    <ClInclude Include="..\shared\dependencies\imgui\imgui_impl_opengl3.h">
      <Filter>dependencies\imgui</Filter>
    </ClInclude>
    <ClInclude Include="..\shared\dependencies\imgui\imgui_impl_opengl3_loader.h">
      <Filter>dependencies\imgui</Filter>
    </ClInclude>
    <ClInclude Include="..\shared\dependencies\imgui\imgui_impl_sdl3.h">
      <Filter>dependencies\imgui</Filter>
    </ClInclude>
    <ClInclude Include="..\shared\dependencies\imgui\imgui_internal.h">
      <Filter>dependencies\imgui</Filter>
    </ClInclude>
    <ClInclude Include="..\shared\dependencies\imgui\implot.h">
      <Filter>dependencies\imgui</Filter>
    </ClInclude>
    <ClInclude Include="..\shared\dependencies\imgui\implot_internal.h">
      <Filter>dependencies\imgui</Filter>
    </ClInclude>
    <ClInclude Include="..\shared\dependencies\imgui\imstb_rectpack.h">
      <Filter>dependencies\imgui</Filter>
    </ClInclude>
    <ClInclude Include="..\shared\dependencies\imgui\imstb_textedit.h">
      <Filter>dependencies\imgui</Filter>
    </ClInclude>
    <ClInclude Include="..\shared\dependencies\imgui\imstb_truetype.h">
      <Filter>dependencies\imgui</Filter>
    </ClInclude>
    <ClInclude Include="..\shared\dependencies\mINI\ini.h">
      <Filter>dependencies\mINI</Filter>
    </ClInclude>
    <ClInclude Include="..\shared\dependencies\stb\stb_image_write.h">
      <Filter>dependencies\stb</Filter>
    </ClInclude>
    <ClInclude Include="resource.h" />
  </ItemGroup>
  <ItemGroup>
    <Filter Include="src">
      <UniqueIdentifier>{39e50856-2108-48fd-a913-eb2000b78c33}</UniqueIdentifier>
    </Filter>
    <Filter Include="dependencies">
      <UniqueIdentifier>{00c47854-d060-4dd7-ab5b-efaa60880894}</UniqueIdentifier>
    </Filter>
    <Filter Include="desktop">
      <UniqueIdentifier>{b305c14e-49f4-4f2f-9d40-5b15a839fbb7}</UniqueIdentifier>
    </Filter>
    <Filter Include="dependencies\miniz">
      <UniqueIdentifier>{466b2296-06dc-4afd-a898-3c4ed168681e}</UniqueIdentifier>
    </Filter>
    <Filter Include="dependencies\imgui">
      <UniqueIdentifier>{e0759fc4-5e41-4967-af3f-6c065f466652}</UniqueIdentifier>
    </Filter>
    <Filter Include="dependencies\stb">
      <UniqueIdentifier>{6e599b1a-7bc8-4a3f-9481-c8c04182c459}</UniqueIdentifier>
    </Filter>
    <Filter Include="dependencies\mINI">
      <UniqueIdentifier>{b20161bf-e4e8-4d15-b5e1-74a0a7c0d526}</UniqueIdentifier>
    </Filter>
    <Filter Include="dependencies\glad">
      <UniqueIdentifier>{eee9f957-716d-47d4-a4f4-3d987c06a27a}</UniqueIdentifier>
    </Filter>
    <Filter Include="dependencies\imgui\fonts">
      <UniqueIdentifier>{0ff4493d-dd39-4604-9082-9f79eae3d893}</UniqueIdentifier>
    </Filter>
  </ItemGroup>
  <ItemGroup>
    <Image Include="iconfile.ico" />
  </ItemGroup>
  <ItemGroup>
    <ResourceCompile Include="Gearboy.rc" />
  </ItemGroup>
</Project>
