{
  "object": {
    "pins": [
      {
        "package": "SDWebImage",
        "repositoryURL": "https://github.com/SDWebImage/SDWebImage",
        "state": {
          "branch": null,
          "revision": "564d238f8814c4a82502336fd80b28a9d321ff47",
          "version": "5.10.2"
        }
      }
    ]
  },
  "version": 1
}
