<?xml version="1.0" encoding="utf-8"?>
<Project ToolsVersion="4.0" xmlns="http://schemas.microsoft.com/developer/msbuild/2003">
  <ItemGroup>
    <Filter Include="Source Files">
      <UniqueIdentifier>{4FC737F1-C7A5-4376-A066-2A32D752A2FF}</UniqueIdentifier>
      <Extensions>cpp;cxx;c;def</Extensions>
    </Filter>
    <Filter Include="Header Files">
      <UniqueIdentifier>{93995380-89BD-4b04-88EB-625FBE52EBFB}</UniqueIdentifier>
      <Extensions>h</Extensions>
    </Filter>
    <Filter Include="Form Files">
      <UniqueIdentifier>{99349809-55BA-4b9d-BF79-8FDBB0286EB3}</UniqueIdentifier>
      <Extensions>ui</Extensions>
    </Filter>
    <Filter Include="Resource Files">
      <UniqueIdentifier>{D9D6E242-F8AF-46E4-B9FD-80ECBC20BA3E}</UniqueIdentifier>
      <Extensions>qrc;*</Extensions>
      <ParseFiles>false</ParseFiles>
    </Filter>
    <Filter Include="Generated Files">
      <UniqueIdentifier>{71ED8ED8-ACB9-4CE9-BBE1-E00B30144E11}</UniqueIdentifier>
      <Extensions>moc;h;cpp</Extensions>
      <SourceControlFiles>False</SourceControlFiles>
    </Filter>
    <Filter Include="Generated Files\Debug">
      <UniqueIdentifier>{8f2b7875-5563-44ee-95d4-01dbf7d9fa0a}</UniqueIdentifier>
      <Extensions>cpp;moc</Extensions>
      <SourceControlFiles>False</SourceControlFiles>
    </Filter>
    <Filter Include="Generated Files\Release">
      <UniqueIdentifier>{f9eabb95-2392-4775-851c-ae70694c19d0}</UniqueIdentifier>
      <Extensions>cpp;moc</Extensions>
      <SourceControlFiles>False</SourceControlFiles>
    </Filter>
    <Filter Include="Core">
      <UniqueIdentifier>{d8fa6367-83f0-42a2-ac4b-66f77253d340}</UniqueIdentifier>
    </Filter>
    <Filter Include="Audio">
      <UniqueIdentifier>{c70f095b-d28e-45fc-b522-0ad4800fd9fc}</UniqueIdentifier>
    </Filter>
  </ItemGroup>
  <ItemGroup>
    <ClCompile Include="..\..\qt-shared\GLFrame.cpp">
      <Filter>Source Files</Filter>
    </ClCompile>
    <ClCompile Include="GeneratedFiles\Debug\moc_GLFrame.cpp">
      <Filter>Generated Files\Debug</Filter>
    </ClCompile>
    <ClCompile Include="GeneratedFiles\Release\moc_GLFrame.cpp">
      <Filter>Generated Files\Release</Filter>
    </ClCompile>
    <ClCompile Include="..\..\qt-shared\main.cpp">
      <Filter>Source Files</Filter>
    </ClCompile>
    <ClCompile Include="..\..\qt-shared\MainWindow.cpp">
      <Filter>Source Files</Filter>
    </ClCompile>
    <ClCompile Include="GeneratedFiles\Debug\moc_MainWindow.cpp">
      <Filter>Generated Files\Debug</Filter>
    </ClCompile>
    <ClCompile Include="GeneratedFiles\Release\moc_MainWindow.cpp">
      <Filter>Generated Files\Release</Filter>
    </ClCompile>
    <ClCompile Include="..\..\qt-shared\RenderThread.cpp">
      <Filter>Source Files</Filter>
    </ClCompile>
    <ClCompile Include="GeneratedFiles\Debug\moc_RenderThread.cpp">
      <Filter>Generated Files\Debug</Filter>
    </ClCompile>
    <ClCompile Include="GeneratedFiles\Release\moc_RenderThread.cpp">
      <Filter>Generated Files\Release</Filter>
    </ClCompile>
    <ClCompile Include="..\..\..\src\Audio.cpp">
      <Filter>Core</Filter>
    </ClCompile>
    <ClCompile Include="..\..\..\src\Cartridge.cpp">
      <Filter>Core</Filter>
    </ClCompile>
    <ClCompile Include="..\..\..\src\EightBitRegister.cpp">
      <Filter>Core</Filter>
    </ClCompile>
    <ClCompile Include="..\..\..\src\GearboyCore.cpp">
      <Filter>Core</Filter>
    </ClCompile>
    <ClCompile Include="..\..\..\src\Input.cpp">
      <Filter>Core</Filter>
    </ClCompile>
    <ClCompile Include="..\..\..\src\IORegistersMemoryRule.cpp">
      <Filter>Core</Filter>
    </ClCompile>
    <ClCompile Include="..\..\..\src\MBC1MemoryRule.cpp">
      <Filter>Core</Filter>
    </ClCompile>
    <ClCompile Include="..\..\..\src\MBC2MemoryRule.cpp">
      <Filter>Core</Filter>
    </ClCompile>
    <ClCompile Include="..\..\..\src\MBC3MemoryRule.cpp">
      <Filter>Core</Filter>
    </ClCompile>
    <ClCompile Include="..\..\..\src\MBC5MemoryRule.cpp">
      <Filter>Core</Filter>
    </ClCompile>
    <ClCompile Include="..\..\..\src\Memory.cpp">
      <Filter>Core</Filter>
    </ClCompile>
    <ClCompile Include="..\..\..\src\MemoryCell.cpp">
      <Filter>Core</Filter>
    </ClCompile>
    <ClCompile Include="..\..\..\src\MemoryRule.cpp">
      <Filter>Core</Filter>
    </ClCompile>
    <ClCompile Include="..\..\..\src\opcodes.cpp">
      <Filter>Core</Filter>
    </ClCompile>
    <ClCompile Include="..\..\..\src\opcodes_cb.cpp">
      <Filter>Core</Filter>
    </ClCompile>
    <ClCompile Include="..\..\..\src\Processor.cpp">
      <Filter>Core</Filter>
    </ClCompile>
    <ClCompile Include="..\..\..\src\RomOnlyMemoryRule.cpp">
      <Filter>Core</Filter>
    </ClCompile>
    <ClCompile Include="..\..\..\src\SixteenBitRegister.cpp">
      <Filter>Core</Filter>
    </ClCompile>
    <ClCompile Include="..\..\..\src\Video.cpp">
      <Filter>Core</Filter>
    </ClCompile>
    <ClCompile Include="..\..\qt-shared\Emulator.cpp">
      <Filter>Source Files</Filter>
    </ClCompile>
    <ClCompile Include="GeneratedFiles\Debug\moc_InputSettings.cpp">
      <Filter>Generated Files\Debug</Filter>
    </ClCompile>
    <ClCompile Include="GeneratedFiles\Release\moc_InputSettings.cpp">
      <Filter>Generated Files\Release</Filter>
    </ClCompile>
    <ClCompile Include="..\..\qt-shared\InputSettings.cpp">
      <Filter>Source Files</Filter>
    </ClCompile>
    <ClCompile Include="..\..\qt-shared\VideoSettings.cpp">
      <Filter>Source Files</Filter>
    </ClCompile>
    <ClCompile Include="GeneratedFiles\Debug\moc_VideoSettings.cpp">
      <Filter>Generated Files\Debug</Filter>
    </ClCompile>
    <ClCompile Include="GeneratedFiles\Release\moc_VideoSettings.cpp">
      <Filter>Generated Files\Release</Filter>
    </ClCompile>
    <ClCompile Include="..\..\qt-shared\SoundSettings.cpp">
      <Filter>Source Files</Filter>
    </ClCompile>
    <ClCompile Include="GeneratedFiles\Debug\moc_SoundSettings.cpp">
      <Filter>Generated Files\Debug</Filter>
    </ClCompile>
    <ClCompile Include="GeneratedFiles\Release\moc_SoundSettings.cpp">
      <Filter>Generated Files\Release</Filter>
    </ClCompile>
    <ClCompile Include="..\..\..\src\audio\Blip_Buffer.cpp">
      <Filter>Audio</Filter>
    </ClCompile>
    <ClCompile Include="..\..\..\src\audio\Effects_Buffer.cpp">
      <Filter>Audio</Filter>
    </ClCompile>
    <ClCompile Include="..\..\..\src\audio\Gb_Apu.cpp">
      <Filter>Audio</Filter>
    </ClCompile>
    <ClCompile Include="..\..\..\src\audio\Gb_Apu_State.cpp">
      <Filter>Audio</Filter>
    </ClCompile>
    <ClCompile Include="..\..\..\src\audio\Gb_Oscs.cpp">
      <Filter>Audio</Filter>
    </ClCompile>
    <ClCompile Include="..\..\..\src\audio\Multi_Buffer.cpp">
      <Filter>Audio</Filter>
    </ClCompile>
    <ClCompile Include="..\..\..\src\audio\Sound_Queue.cpp">
      <Filter>Audio</Filter>
    </ClCompile>
    <ClCompile Include="..\..\..\src\CommonMemoryRule.cpp">
      <Filter>Core</Filter>
    </ClCompile>
  </ItemGroup>
  <ItemGroup>
    <CustomBuild Include="..\..\qt-shared\GLFrame.h">
      <Filter>Header Files</Filter>
    </CustomBuild>
    <CustomBuild Include="..\..\qt-shared\MainWindow.h">
      <Filter>Header Files</Filter>
    </CustomBuild>
    <CustomBuild Include="..\..\qt-shared\MainWindow.ui">
      <Filter>Form Files</Filter>
    </CustomBuild>
    <CustomBuild Include="..\..\qt-shared\RenderThread.h">
      <Filter>Header Files</Filter>
    </CustomBuild>
    <CustomBuild Include="..\..\qt-shared\InputSettings.ui">
      <Filter>Form Files</Filter>
    </CustomBuild>
    <CustomBuild Include="..\..\qt-shared\InputSettings.h">
      <Filter>Header Files</Filter>
    </CustomBuild>
    <CustomBuild Include="..\..\qt-shared\VideoSettings.ui">
      <Filter>Form Files</Filter>
    </CustomBuild>
    <CustomBuild Include="..\..\qt-shared\VideoSettings.h">
      <Filter>Header Files</Filter>
    </CustomBuild>
    <CustomBuild Include="..\..\qt-shared\SoundSettings.h">
      <Filter>Header Files</Filter>
    </CustomBuild>
    <CustomBuild Include="..\..\qt-shared\SoundSettings.ui">
      <Filter>Form Files</Filter>
    </CustomBuild>
  </ItemGroup>
  <ItemGroup>
    <ClInclude Include="GeneratedFiles\ui_MainWindow.h">
      <Filter>Generated Files</Filter>
    </ClInclude>
    <ClInclude Include="..\..\..\src\Audio.h">
      <Filter>Core</Filter>
    </ClInclude>
    <ClInclude Include="..\..\..\src\boot_roms.h">
      <Filter>Core</Filter>
    </ClInclude>
    <ClInclude Include="..\..\..\src\Cartridge.h">
      <Filter>Core</Filter>
    </ClInclude>
    <ClInclude Include="..\..\..\src\definitions.h">
      <Filter>Core</Filter>
    </ClInclude>
    <ClInclude Include="..\..\..\src\EightBitRegister.h">
      <Filter>Core</Filter>
    </ClInclude>
    <ClInclude Include="..\..\..\src\gearboy.h">
      <Filter>Core</Filter>
    </ClInclude>
    <ClInclude Include="..\..\..\src\GearboyCore.h">
      <Filter>Core</Filter>
    </ClInclude>
    <ClInclude Include="..\..\..\src\Input.h">
      <Filter>Core</Filter>
    </ClInclude>
    <ClInclude Include="..\..\..\src\IORegistersMemoryRule.h">
      <Filter>Core</Filter>
    </ClInclude>
    <ClInclude Include="..\..\..\src\MBC1MemoryRule.h">
      <Filter>Core</Filter>
    </ClInclude>
    <ClInclude Include="..\..\..\src\MBC2MemoryRule.h">
      <Filter>Core</Filter>
    </ClInclude>
    <ClInclude Include="..\..\..\src\MBC3MemoryRule.h">
      <Filter>Core</Filter>
    </ClInclude>
    <ClInclude Include="..\..\..\src\MBC5MemoryRule.h">
      <Filter>Core</Filter>
    </ClInclude>
    <ClInclude Include="..\..\..\src\Memory.h">
      <Filter>Core</Filter>
    </ClInclude>
    <ClInclude Include="..\..\..\src\MemoryCell.h">
      <Filter>Core</Filter>
    </ClInclude>
    <ClInclude Include="..\..\..\src\MemoryRule.h">
      <Filter>Core</Filter>
    </ClInclude>
    <ClInclude Include="..\..\..\src\opcode_names.h">
      <Filter>Core</Filter>
    </ClInclude>
    <ClInclude Include="..\..\..\src\opcode_timing.h">
      <Filter>Core</Filter>
    </ClInclude>
    <ClInclude Include="..\..\..\src\Processor.h">
      <Filter>Core</Filter>
    </ClInclude>
    <ClInclude Include="..\..\..\src\RomOnlyMemoryRule.h">
      <Filter>Core</Filter>
    </ClInclude>
    <ClInclude Include="..\..\..\src\SixteenBitRegister.h">
      <Filter>Core</Filter>
    </ClInclude>
    <ClInclude Include="..\..\..\src\Video.h">
      <Filter>Core</Filter>
    </ClInclude>
    <ClInclude Include="..\..\qt-shared\Emulator.h">
      <Filter>Header Files</Filter>
    </ClInclude>
    <ClInclude Include="GeneratedFiles\ui_InputSettings.h">
      <Filter>Generated Files</Filter>
    </ClInclude>
    <ClInclude Include="GeneratedFiles\ui_VideoSettings.h">
      <Filter>Generated Files</Filter>
    </ClInclude>
    <ClInclude Include="GeneratedFiles\ui_SoundSettings.h">
      <Filter>Generated Files</Filter>
    </ClInclude>
    <ClInclude Include="..\..\..\src\audio\Sound_Queue.h">
      <Filter>Audio</Filter>
    </ClInclude>
    <ClInclude Include="..\..\..\src\audio\blargg_common.h">
      <Filter>Audio</Filter>
    </ClInclude>
    <ClInclude Include="..\..\..\src\audio\blargg_config.h">
      <Filter>Audio</Filter>
    </ClInclude>
    <ClInclude Include="..\..\..\src\audio\blargg_source.h">
      <Filter>Audio</Filter>
    </ClInclude>
    <ClInclude Include="..\..\..\src\audio\Blip_Buffer.h">
      <Filter>Audio</Filter>
    </ClInclude>
    <ClInclude Include="..\..\..\src\audio\Blip_Synth.h">
      <Filter>Audio</Filter>
    </ClInclude>
    <ClInclude Include="..\..\..\src\audio\Effects_Buffer.h">
      <Filter>Audio</Filter>
    </ClInclude>
    <ClInclude Include="..\..\..\src\audio\Gb_Apu.h">
      <Filter>Audio</Filter>
    </ClInclude>
    <ClInclude Include="..\..\..\src\audio\Gb_Oscs.h">
      <Filter>Audio</Filter>
    </ClInclude>
    <ClInclude Include="..\..\..\src\audio\Multi_Buffer.h">
      <Filter>Audio</Filter>
    </ClInclude>
    <ClInclude Include="..\..\..\src\CommonMemoryRule.h">
      <Filter>Core</Filter>
    </ClInclude>
  </ItemGroup>
</Project>